// !$*UTF8*$!
{
	archiveVersion = 1;
	classes = {
	};
	objectVersion = 56;
	objects = {

/* Begin PBXBuildFile section */
		A788C7552C87A49000C867DD /* AppDelegate.swift in Sources */ = {isa = PBXBuildFile; fileRef = A788C7542C87A49000C867DD /* AppDelegate.swift */; };
		A788C7572C87A49000C867DD /* SceneDelegate.swift in Sources */ = {isa = PBXBuildFile; fileRef = A788C7562C87A49000C867DD /* SceneDelegate.swift */; };
		A788C7592C87A49000C867DD /* ViewController.swift in Sources */ = {isa = PBXBuildFile; fileRef = A788C7582C87A49000C867DD /* ViewController.swift */; };
		A788C75C2C87A49000C867DD /* Main.storyboard in Resources */ = {isa = PBXBuildFile; fileRef = A788C75A2C87A49000C867DD /* Main.storyboard */; };
		A788C75E2C87A49A00C867DD /* Assets.xcassets in Resources */ = {isa = PBXBuildFile; fileRef = A788C75D2C87A49A00C867DD /* Assets.xcassets */; };
		A788C7612C87A49A00C867DD /* LaunchScreen.storyboard in Resources */ = {isa = PBXBuildFile; fileRef = A788C75F2C87A49A00C867DD /* LaunchScreen.storyboard */; };
		A788C76C2C87A49B00C867DD /* StopwatchTests.swift in Sources */ = {isa = PBXBuildFile; fileRef = A788C76B2C87A49B00C867DD /* StopwatchTests.swift */; };
		A788C7762C87A49B00C867DD /* StopwatchUITests.swift in Sources */ = {isa = PBXBuildFile; fileRef = A788C7752C87A49B00C867DD /* StopwatchUITests.swift */; };
		A788C7782C87A49B00C867DD /* StopwatchUITestsLaunchTests.swift in Sources */ = {isa = PBXBuildFile; fileRef = A788C7772C87A49B00C867DD /* StopwatchUITestsLaunchTests.swift */; };
/* End PBXBuildFile section */

/* Begin PBXContainerItemProxy section */
		A788C7682C87A49B00C867DD /* PBXContainerItemProxy */ = {
			isa = PBXContainerItemProxy;
			containerPortal = A788C7492C87A49000C867DD /* Project object */;
			proxyType = 1;
			remoteGlobalIDString = A788C7502C87A49000C867DD;
			remoteInfo = Stopwatch;
		};
		A788C7722C87A49B00C867DD /* PBXContainerItemProxy */ = {
			isa = PBXContainerItemProxy;
			containerPortal = A788C7492C87A49000C867DD /* Project object */;
			proxyType = 1;
			remoteGlobalIDString = A788C7502C87A49000C867DD;
			remoteInfo = Stopwatch;
		};
/* End PBXContainerItemProxy section */

/* Begin PBXFileReference section */
		A788C7512C87A49000C867DD /* Stopwatch.app */ = {isa = PBXFileReference; explicitFileType = wrapper.application; includeInIndex = 0; path = Stopwatch.app; sourceTree = BUILT_PRODUCTS_DIR; };
		A788C7542C87A49000C867DD /* AppDelegate.swift */ = {isa = PBXFileReference; lastKnownFileType = sourcecode.swift; path = AppDelegate.swift; sourceTree = "<group>"; };
		A788C7562C87A49000C867DD /* SceneDelegate.swift */ = {isa = PBXFileReference; lastKnownFileType = sourcecode.swift; path = SceneDelegate.swift; sourceTree = "<group>"; };
		A788C7582C87A49000C867DD /* ViewController.swift */ = {isa = PBXFileReference; lastKnownFileType = sourcecode.swift; path = ViewController.swift; sourceTree = "<group>"; };
		A788C75B2C87A49000C867DD /* Base */ = {isa = PBXFileReference; lastKnownFileType = file.storyboard; name = Base; path = Base.lproj/Main.storyboard; sourceTree = "<group>"; };
		A788C75D2C87A49A00C867DD /* Assets.xcassets */ = {isa = PBXFileReference; lastKnownFileType = folder.assetcatalog; path = Assets.xcassets; sourceTree = "<group>"; };
		A788C7602C87A49A00C867DD /* Base */ = {isa = PBXFileReference; lastKnownFileType = file.storyboard; name = Base; path = Base.lproj/LaunchScreen.storyboard; sourceTree = "<group>"; };
		A788C7622C87A49A00C867DD /* Info.plist */ = {isa = PBXFileReference; lastKnownFileType = text.plist.xml; path = Info.plist; sourceTree = "<group>"; };
		A788C7672C87A49B00C867DD /* StopwatchTests.xctest */ = {isa = PBXFileReference; explicitFileType = wrapper.cfbundle; includeInIndex = 0; path = StopwatchTests.xctest; sourceTree = BUILT_PRODUCTS_DIR; };
		A788C76B2C87A49B00C867DD /* StopwatchTests.swift */ = {isa = PBXFileReference; lastKnownFileType = sourcecode.swift; path = StopwatchTests.swift; sourceTree = "<group>"; };
		A788C7712C87A49B00C867DD /* StopwatchUITests.xctest */ = {isa = PBXFileReference; explicitFileType = wrapper.cfbundle; includeInIndex = 0; path = StopwatchUITests.xctest; sourceTree = BUILT_PRODUCTS_DIR; };
		A788C7752C87A49B00C867DD /* StopwatchUITests.swift */ = {isa = PBXFileReference; lastKnownFileType = sourcecode.swift; path = StopwatchUITests.swift; sourceTree = "<group>"; };
		A788C7772C87A49B00C867DD /* StopwatchUITestsLaunchTests.swift */ = {isa = PBXFileReference; lastKnownFileType = sourcecode.swift; path = StopwatchUITestsLaunchTests.swift; sourceTree = "<group>"; };
/* End PBXFileReference section */

/* Begin PBXFrameworksBuildPhase section */
		A788C74E2C87A49000C867DD /* Frameworks */ = {
			isa = PBXFrameworksBuildPhase;
			buildActionMask = 2147483647;
			files = (
			);
			runOnlyForDeploymentPostprocessing = 0;
		};
		A788C7642C87A49B00C867DD /* Frameworks */ = {
			isa = PBXFrameworksBuildPhase;
			buildActionMask = 2147483647;
			files = (
			);
			runOnlyForDeploymentPostprocessing = 0;
		};
		A788C76E2C87A49B00C867DD /* Frameworks */ = {
			isa = PBXFrameworksBuildPhase;
			buildActionMask = 2147483647;
			files = (
			);
			runOnlyForDeploymentPostprocessing = 0;
		};
/* End PBXFrameworksBuildPhase section */

/* Begin PBXGroup section */
		A788C7482C87A49000C867DD = {
			isa = PBXGroup;
			children = (
				A788C7532C87A49000C867DD /* Stopwatch */,
				A788C76A2C87A49B00C867DD /* StopwatchTests */,
				A788C7742C87A49B00C867DD /* StopwatchUITests */,
				A788C7522C87A49000C867DD /* Products */,
			);
			sourceTree = "<group>";
		};
		A788C7522C87A49000C867DD /* Products */ = {
			isa = PBXGroup;
			children = (
				A788C7512C87A49000C867DD /* Stopwatch.app */,
				A788C7672C87A49B00C867DD /* StopwatchTests.xctest */,
				A788C7712C87A49B00C867DD /* StopwatchUITests.xctest */,
			);
			name = Products;
			sourceTree = "<group>";
		};
		A788C7532C87A49000C867DD /* Stopwatch */ = {
			isa = PBXGroup;
			children = (
				A788C7542C87A49000C867DD /* AppDelegate.swift */,
				A788C7562C87A49000C867DD /* SceneDelegate.swift */,
				A788C7582C87A49000C867DD /* ViewController.swift */,
				A788C75A2C87A49000C867DD /* Main.storyboard */,
				A788C75D2C87A49A00C867DD /* Assets.xcassets */,
				A788C75F2C87A49A00C867DD /* LaunchScreen.storyboard */,
				A788C7622C87A49A00C867DD /* Info.plist */,
			);
			path = Stopwatch;
			sourceTree = "<group>";
		};
		A788C76A2C87A49B00C867DD /* StopwatchTests */ = {
			isa = PBXGroup;
			children = (
				A788C76B2C87A49B00C867DD /* StopwatchTests.swift */,
			);
			path = StopwatchTests;
			sourceTree = "<group>";
		};
		A788C7742C87A49B00C867DD /* StopwatchUITests */ = {
			isa = PBXGroup;
			children = (
				A788C7752C87A49B00C867DD /* StopwatchUITests.swift */,
				A788C7772C87A49B00C867DD /* StopwatchUITestsLaunchTests.swift */,
			);
			path = StopwatchUITests;
			sourceTree = "<group>";
		};
/* End PBXGroup section */

/* Begin PBXNativeTarget section */
		A788C7502C87A49000C867DD /* Stopwatch */ = {
			isa = PBXNativeTarget;
			buildConfigurationList = A788C77B2C87A49B00C867DD /* Build configuration list for PBXNativeTarget "Stopwatch" */;
			buildPhases = (
				A788C74D2C87A49000C867DD /* Sources */,
				A788C74E2C87A49000C867DD /* Frameworks */,
				A788C74F2C87A49000C867DD /* Resources */,
			);
			buildRules = (
			);
			dependencies = (
			);
			name = Stopwatch;
			productName = Stopwatch;
			productReference = A788C7512C87A49000C867DD /* Stopwatch.app */;
			productType = "com.apple.product-type.application";
		};
		A788C7662C87A49B00C867DD /* StopwatchTests */ = {
			isa = PBXNativeTarget;
			buildConfigurationList = A788C77E2C87A49B00C867DD /* Build configuration list for PBXNativeTarget "StopwatchTests" */;
			buildPhases = (
				A788C7632C87A49B00C867DD /* Sources */,
				A788C7642C87A49B00C867DD /* Frameworks */,
				A788C7652C87A49B00C867DD /* Resources */,
			);
			buildRules = (
			);
			dependencies = (
				A788C7692C87A49B00C867DD /* PBXTargetDependency */,
			);
			name = StopwatchTests;
			productName = StopwatchTests;
			productReference = A788C7672C87A49B00C867DD /* StopwatchTests.xctest */;
			productType = "com.apple.product-type.bundle.unit-test";
		};
		A788C7702C87A49B00C867DD /* StopwatchUITests */ = {
			isa = PBXNativeTarget;
			buildConfigurationList = A788C7812C87A49B00C867DD /* Build configuration list for PBXNativeTarget "StopwatchUITests" */;
			buildPhases = (
				A788C76D2C87A49B00C867DD /* Sources */,
				A788C76E2C87A49B00C867DD /* Frameworks */,
				A788C76F2C87A49B00C867DD /* Resources */,
			);
			buildRules = (
			);
			dependencies = (
				A788C7732C87A49B00C867DD /* PBXTargetDependency */,
			);
			name = StopwatchUITests;
			productName = StopwatchUITests;
			productReference = A788C7712C87A49B00C867DD /* StopwatchUITests.xctest */;
			productType = "com.apple.product-type.bundle.ui-testing";
		};
/* End PBXNativeTarget section */

/* Begin PBXProject section */
		A788C7492C87A49000C867DD /* Project object */ = {
			isa = PBXProject;
			attributes = {
				BuildIndependentTargetsInParallel = 1;
				LastSwiftUpdateCheck = 1520;
				LastUpgradeCheck = 1520;
				TargetAttributes = {
					A788C7502C87A49000C867DD = {
						CreatedOnToolsVersion = 15.2;
					};
					A788C7662C87A49B00C867DD = {
						CreatedOnToolsVersion = 15.2;
						TestTargetID = A788C7502C87A49000C867DD;
					};
					A788C7702C87A49B00C867DD = {
						CreatedOnToolsVersion = 15.2;
						TestTargetID = A788C7502C87A49000C867DD;
					};
				};
			};
			buildConfigurationList = A788C74C2C87A49000C867DD /* Build configuration list for PBXProject "Stopwatch" */;
			compatibilityVersion = "Xcode 14.0";
			developmentRegion = en;
			hasScannedForEncodings = 0;
			knownRegions = (
				en,
				Base,
			);
			mainGroup = A788C7482C87A49000C867DD;
			productRefGroup = A788C7522C87A49000C867DD /* Products */;
			projectDirPath = "";
			projectRoot = "";
			targets = (
				A788C7502C87A49000C867DD /* Stopwatch */,
				A788C7662C87A49B00C867DD /* StopwatchTests */,
				A788C7702C87A49B00C867DD /* StopwatchUITests */,
			);
		};
/* End PBXProject section */

/* Begin PBXResourcesBuildPhase section */
		A788C74F2C87A49000C867DD /* Resources */ = {
			isa = PBXResourcesBuildPhase;
			buildActionMask = 2147483647;
			files = (
				A788C7612C87A49A00C867DD /* LaunchScreen.storyboard in Resources */,
				A788C75E2C87A49A00C867DD /* Assets.xcassets in Resources */,
				A788C75C2C87A49000C867DD /* Main.storyboard in Resources */,
			);
			runOnlyForDeploymentPostprocessing = 0;
		};
		A788C7652C87A49B00C867DD /* Resources */ = {
			isa = PBXResourcesBuildPhase;
			buildActionMask = 2147483647;
			files = (
			);
			runOnlyForDeploymentPostprocessing = 0;
		};
		A788C76F2C87A49B00C867DD /* Resources */ = {
			isa = PBXResourcesBuildPhase;
			buildActionMask = 2147483647;
			files = (
			);
			runOnlyForDeploymentPostprocessing = 0;
		};
/* End PBXResourcesBuildPhase section */

/* Begin PBXSourcesBuildPhase section */
		A788C74D2C87A49000C867DD /* Sources */ = {
			isa = PBXSourcesBuildPhase;
			buildActionMask = 2147483647;
			files = (
				A788C7592C87A49000C867DD /* ViewController.swift in Sources */,
				A788C7552C87A49000C867DD /* AppDelegate.swift in Sources */,
				A788C7572C87A49000C867DD /* SceneDelegate.swift in Sources */,
			);
			runOnlyForDeploymentPostprocessing = 0;
		};
		A788C7632C87A49B00C867DD /* Sources */ = {
			isa = PBXSourcesBuildPhase;
			buildActionMask = 2147483647;
			files = (
				A788C76C2C87A49B00C867DD /* StopwatchTests.swift in Sources */,
			);
			runOnlyForDeploymentPostprocessing = 0;
		};
		A788C76D2C87A49B00C867DD /* Sources */ = {
			isa = PBXSourcesBuildPhase;
			buildActionMask = 2147483647;
			files = (
				A788C7782C87A49B00C867DD /* StopwatchUITestsLaunchTests.swift in Sources */,
				A788C7762C87A49B00C867DD /* StopwatchUITests.swift in Sources */,
			);
			runOnlyForDeploymentPostprocessing = 0;
		};
/* End PBXSourcesBuildPhase section */

/* Begin PBXTargetDependency section */
		A788C7692C87A49B00C867DD /* PBXTargetDependency */ = {
			isa = PBXTargetDependency;
			target = A788C7502C87A49000C867DD /* Stopwatch */;
			targetProxy = A788C7682C87A49B00C867DD /* PBXContainerItemProxy */;
		};
		A788C7732C87A49B00C867DD /* PBXTargetDependency */ = {
			isa = PBXTargetDependency;
			target = A788C7502C87A49000C867DD /* Stopwatch */;
			targetProxy = A788C7722C87A49B00C867DD /* PBXContainerItemProxy */;
		};
/* End PBXTargetDependency section */

/* Begin PBXVariantGroup section */
		A788C75A2C87A49000C867DD /* Main.storyboard */ = {
			isa = PBXVariantGroup;
			children = (
				A788C75B2C87A49000C867DD /* Base */,
			);
			name = Main.storyboard;
			sourceTree = "<group>";
		};
		A788C75F2C87A49A00C867DD /* LaunchScreen.storyboard */ = {
			isa = PBXVariantGroup;
			children = (
				A788C7602C87A49A00C867DD /* Base */,
			);
			name = LaunchScreen.storyboard;
			sourceTree = "<group>";
		};
/* End PBXVariantGroup section */

/* Begin XCBuildConfiguration section */
		A788C7792C87A49B00C867DD /* Debug */ = {
			isa = XCBuildConfiguration;
			buildSettings = {
				ALWAYS_SEARCH_USER_PATHS = NO;
				ASSETCATALOG_COMPILER_GENERATE_SWIFT_ASSET_SYMBOL_EXTENSIONS = YES;
				CLANG_ANALYZER_NONNULL = YES;
				CLANG_ANALYZER_NUMBER_OBJECT_CONVERSION = YES_AGGRESSIVE;
				CLANG_CXX_LANGUAGE_STANDARD = "gnu++20";
				CLANG_ENABLE_MODULES = YES;
				CLANG_ENABLE_OBJC_ARC = YES;
				CLANG_ENABLE_OBJC_WEAK = YES;
				CLANG_WARN_BLOCK_CAPTURE_AUTORELEASING = YES;
				CLANG_WARN_BOOL_CONVERSION = YES;
				CLANG_WARN_COMMA = YES;
				CLANG_WARN_CONSTANT_CONVERSION = YES;
				CLANG_WARN_DEPRECATED_OBJC_IMPLEMENTATIONS = YES;
				CLANG_WARN_DIRECT_OBJC_ISA_USAGE = YES_ERROR;
				CLANG_WARN_DOCUMENTATION_COMMENTS = YES;
				CLANG_WARN_EMPTY_BODY = YES;
				CLANG_WARN_ENUM_CONVERSION = YES;
				CLANG_WARN_INFINITE_RECURSION = YES;
				CLANG_WARN_INT_CONVERSION = YES;
				CLANG_WARN_NON_LITERAL_NULL_CONVERSION = YES;
				CLANG_WARN_OBJC_IMPLICIT_RETAIN_SELF = YES;
				CLANG_WARN_OBJC_LITERAL_CONVERSION = YES;
				CLANG_WARN_OBJC_ROOT_CLASS = YES_ERROR;
				CLANG_WARN_QUOTED_INCLUDE_IN_FRAMEWORK_HEADER = YES;
				CLANG_WARN_RANGE_LOOP_ANALYSIS = YES;
				CLANG_WARN_STRICT_PROTOTYPES = YES;
				CLANG_WARN_SUSPICIOUS_MOVE = YES;
				CLANG_WARN_UNGUARDED_AVAILABILITY = YES_AGGRESSIVE;
				CLANG_WARN_UNREACHABLE_CODE = YES;
				CLANG_WARN__DUPLICATE_METHOD_MATCH = YES;
				COPY_PHASE_STRIP = NO;
				DEBUG_INFORMATION_FORMAT = dwarf;
				ENABLE_STRICT_OBJC_MSGSEND = YES;
				ENABLE_TESTABILITY = YES;
				ENABLE_USER_SCRIPT_SANDBOXING = YES;
				GCC_C_LANGUAGE_STANDARD = gnu17;
				GCC_DYNAMIC_NO_PIC = NO;
				GCC_NO_COMMON_BLOCKS = YES;
				GCC_OPTIMIZATION_LEVEL = 0;
				GCC_PREPROCESSOR_DEFINITIONS = (
					"DEBUG=1",
					"$(inherited)",
				);
				GCC_WARN_64_TO_32_BIT_CONVERSION = YES;
				GCC_WARN_ABOUT_RETURN_TYPE = YES_ERROR;
				GCC_WARN_UNDECLARED_SELECTOR = YES;
				GCC_WARN_UNINITIALIZED_AUTOS = YES_AGGRESSIVE;
				GCC_WARN_UNUSED_FUNCTION = YES;
				GCC_WARN_UNUSED_VARIABLE = YES;
				IPHONEOS_DEPLOYMENT_TARGET = 17.2;
				LOCALIZATION_PREFERS_STRING_CATALOGS = YES;
				MTL_ENABLE_DEBUG_INFO = INCLUDE_SOURCE;
				MTL_FAST_MATH = YES;
				ONLY_ACTIVE_ARCH = YES;
				SDKROOT = iphoneos;
				SWIFT_ACTIVE_COMPILATION_CONDITIONS = "DEBUG $(inherited)";
				SWIFT_OPTIMIZATION_LEVEL = "-Onone";
			};
			name = Debug;
		};
		A788C77A2C87A49B00C867DD /* Release */ = {
			isa = XCBuildConfiguration;
			buildSettings = {
				ALWAYS_SEARCH_USER_PATHS = NO;
				ASSETCATALOG_COMPILER_GENERATE_SWIFT_ASSET_SYMBOL_EXTENSIONS = YES;
				CLANG_ANALYZER_NONNULL = YES;
				CLANG_ANALYZER_NUMBER_OBJECT_CONVERSION = YES_AGGRESSIVE;
				CLANG_CXX_LANGUAGE_STANDARD = "gnu++20";
				CLANG_ENABLE_MODULES = YES;
				CLANG_ENABLE_OBJC_ARC = YES;
				CLANG_ENABLE_OBJC_WEAK = YES;
				CLANG_WARN_BLOCK_CAPTURE_AUTORELEASING = YES;
				CLANG_WARN_BOOL_CONVERSION = YES;
				CLANG_WARN_COMMA = YES;
				CLANG_WARN_CONSTANT_CONVERSION = YES;
				CLANG_WARN_DEPRECATED_OBJC_IMPLEMENTATIONS = YES;
				CLANG_WARN_DIRECT_OBJC_ISA_USAGE = YES_ERROR;
				CLANG_WARN_DOCUMENTATION_COMMENTS = YES;
				CLANG_WARN_EMPTY_BODY = YES;
				CLANG_WARN_ENUM_CONVERSION = YES;
				CLANG_WARN_INFINITE_RECURSION = YES;
				CLANG_WARN_INT_CONVERSION = YES;
				CLANG_WARN_NON_LITERAL_NULL_CONVERSION = YES;
				CLANG_WARN_OBJC_IMPLICIT_RETAIN_SELF = YES;
				CLANG_WARN_OBJC_LITERAL_CONVERSION = YES;
				CLANG_WARN_OBJC_ROOT_CLASS = YES_ERROR;
				CLANG_WARN_QUOTED_INCLUDE_IN_FRAMEWORK_HEADER = YES;
				CLANG_WARN_RANGE_LOOP_ANALYSIS = YES;
				CLANG_WARN_STRICT_PROTOTYPES = YES;
				CLANG_WARN_SUSPICIOUS_MOVE = YES;
				CLANG_WARN_UNGUARDED_AVAILABILITY = YES_AGGRESSIVE;
				CLANG_WARN_UNREACHABLE_CODE = YES;
				CLANG_WARN__DUPLICATE_METHOD_MATCH = YES;
				COPY_PHASE_STRIP = NO;
				DEBUG_INFORMATION_FORMAT = "dwarf-with-dsym";
				ENABLE_NS_ASSERTIONS = NO;
				ENABLE_STRICT_OBJC_MSGSEND = YES;
				ENABLE_USER_SCRIPT_SANDBOXING = YES;
				GCC_C_LANGUAGE_STANDARD = gnu17;
				GCC_NO_COMMON_BLOCKS = YES;
				GCC_WARN_64_TO_32_BIT_CONVERSION = YES;
				GCC_WARN_ABOUT_RETURN_TYPE = YES_ERROR;
				GCC_WARN_UNDECLARED_SELECTOR = YES;
				GCC_WARN_UNINITIALIZED_AUTOS = YES_AGGRESSIVE;
				GCC_WARN_UNUSED_FUNCTION = YES;
				GCC_WARN_UNUSED_VARIABLE = YES;
				IPHONEOS_DEPLOYMENT_TARGET = 17.2;
				LOCALIZATION_PREFERS_STRING_CATALOGS = YES;
				MTL_ENABLE_DEBUG_INFO = NO;
				MTL_FAST_MATH = YES;
				SDKROOT = iphoneos;
				SWIFT_COMPILATION_MODE = wholemodule;
				VALIDATE_PRODUCT = YES;
			};
			name = Release;
		};
		A788C77C2C87A49B00C867DD /* Debug */ = {
			isa = XCBuildConfiguration;
			buildSettings = {
				ASSETCATALOG_COMPILER_APPICON_NAME = AppIcon;
				ASSETCATALOG_COMPILER_GLOBAL_ACCENT_COLOR_NAME = AccentColor;
				CODE_SIGN_STYLE = Automatic;
				CURRENT_PROJECT_VERSION = 1;
				GENERATE_INFOPLIST_FILE = YES;
				INFOPLIST_FILE = Stopwatch/Info.plist;
				INFOPLIST_KEY_UIApplicationSupportsIndirectInputEvents = YES;
				INFOPLIST_KEY_UILaunchStoryboardName = LaunchScreen;
				INFOPLIST_KEY_UIMainStoryboardFile = Main;
				INFOPLIST_KEY_UISupportedInterfaceOrientations_iPad = "UIInterfaceOrientationPortrait UIInterfaceOrientationPortraitUpsideDown UIInterfaceOrientationLandscapeLeft UIInterfaceOrientationLandscapeRight";
				INFOPLIST_KEY_UISupportedInterfaceOrientations_iPhone = "UIInterfaceOrientationPortrait UIInterfaceOrientationLandscapeLeft UIInterfaceOrientationLandscapeRight";
				LD_RUNPATH_SEARCH_PATHS = (
					"$(inherited)",
					"@executable_path/Frameworks",
				);
				MARKETING_VERSION = 1.0;
				PRODUCT_BUNDLE_IDENTIFIER = "lab1-443.Stopwatch";
				PRODUCT_NAME = "$(TARGET_NAME)";
				SWIFT_EMIT_LOC_STRINGS = YES;
				SWIFT_VERSION = 5.0;
				TARGETED_DEVICE_FAMILY = "1,2";
			};
			name = Debug;
		};
		A788C77D2C87A49B00C867DD /* Release */ = {
			isa = XCBuildConfiguration;
			buildSettings = {
				ASSETCATALOG_COMPILER_APPICON_NAME = AppIcon;
				ASSETCATALOG_COMPILER_GLOBAL_ACCENT_COLOR_NAME = AccentColor;
				CODE_SIGN_STYLE = Automatic;
				CURRENT_PROJECT_VERSION = 1;
				GENERATE_INFOPLIST_FILE = YES;
				INFOPLIST_FILE = Stopwatch/Info.plist;
				INFOPLIST_KEY_UIApplicationSupportsIndirectInputEvents = YES;
				INFOPLIST_KEY_UILaunchStoryboardName = LaunchScreen;
				INFOPLIST_KEY_UIMainStoryboardFile = Main;
				INFOPLIST_KEY_UISupportedInterfaceOrientations_iPad = "UIInterfaceOrientationPortrait UIInterfaceOrientationPortraitUpsideDown UIInterfaceOrientationLandscapeLeft UIInterfaceOrientationLandscapeRight";
				INFOPLIST_KEY_UISupportedInterfaceOrientations_iPhone = "UIInterfaceOrientationPortrait UIInterfaceOrientationLandscapeLeft UIInterfaceOrientationLandscapeRight";
				LD_RUNPATH_SEARCH_PATHS = (
					"$(inherited)",
					"@executable_path/Frameworks",
				);
				MARKETING_VERSION = 1.0;
				PRODUCT_BUNDLE_IDENTIFIER = "lab1-443.Stopwatch";
				PRODUCT_NAME = "$(TARGET_NAME)";
				SWIFT_EMIT_LOC_STRINGS = YES;
				SWIFT_VERSION = 5.0;
				TARGETED_DEVICE_FAMILY = "1,2";
			};
			name = Release;
		};
		A788C77F2C87A49B00C867DD /* Debug */ = {
			isa = XCBuildConfiguration;
			buildSettings = {
				ALWAYS_EMBED_SWIFT_STANDARD_LIBRARIES = YES;
				BUNDLE_LOADER = "$(TEST_HOST)";
				CODE_SIGN_STYLE = Automatic;
				CURRENT_PROJECT_VERSION = 1;
				GENERATE_INFOPLIST_FILE = YES;
				IPHONEOS_DEPLOYMENT_TARGET = 17.2;
				MARKETING_VERSION = 1.0;
				PRODUCT_BUNDLE_IDENTIFIER = "lab1-443.StopwatchTests";
				PRODUCT_NAME = "$(TARGET_NAME)";
				SWIFT_EMIT_LOC_STRINGS = NO;
				SWIFT_VERSION = 5.0;
				TARGETED_DEVICE_FAMILY = "1,2";
				TEST_HOST = "$(BUILT_PRODUCTS_DIR)/Stopwatch.app/$(BUNDLE_EXECUTABLE_FOLDER_PATH)/Stopwatch";
			};
			name = Debug;
		};
		A788C7802C87A49B00C867DD /* Release */ = {
			isa = XCBuildConfiguration;
			buildSettings = {
				ALWAYS_EMBED_SWIFT_STANDARD_LIBRARIES = YES;
				BUNDLE_LOADER = "$(TEST_HOST)";
				CODE_SIGN_STYLE = Automatic;
				CURRENT_PROJECT_VERSION = 1;
				GENERATE_INFOPLIST_FILE = YES;
				IPHONEOS_DEPLOYMENT_TARGET = 17.2;
				MARKETING_VERSION = 1.0;
				PRODUCT_BUNDLE_IDENTIFIER = "lab1-443.StopwatchTests";
				PRODUCT_NAME = "$(TARGET_NAME)";
				SWIFT_EMIT_LOC_STRINGS = NO;
				SWIFT_VERSION = 5.0;
				TARGETED_DEVICE_FAMILY = "1,2";
				TEST_HOST = "$(BUILT_PRODUCTS_DIR)/Stopwatch.app/$(BUNDLE_EXECUTABLE_FOLDER_PATH)/Stopwatch";
			};
			name = Release;
		};
		A788C7822C87A49B00C867DD /* Debug */ = {
			isa = XCBuildConfiguration;
			buildSettings = {
				ALWAYS_EMBED_SWIFT_STANDARD_LIBRARIES = YES;
				CODE_SIGN_STYLE = Automatic;
				CURRENT_PROJECT_VERSION = 1;
				GENERATE_INFOPLIST_FILE = YES;
				MARKETING_VERSION = 1.0;
				PRODUCT_BUNDLE_IDENTIFIER = "lab1-443.StopwatchUITests";
				PRODUCT_NAME = "$(TARGET_NAME)";
				SWIFT_EMIT_LOC_STRINGS = NO;
				SWIFT_VERSION = 5.0;
				TARGETED_DEVICE_FAMILY = "1,2";
				TEST_TARGET_NAME = Stopwatch;
			};
			name = Debug;
		};
		A788C7832C87A49B00C867DD /* Release */ = {
			isa = XCBuildConfiguration;
			buildSettings = {
				ALWAYS_EMBED_SWIFT_STANDARD_LIBRARIES = YES;
				CODE_SIGN_STYLE = Automatic;
				CURRENT_PROJECT_VERSION = 1;
				GENERATE_INFOPLIST_FILE = YES;
				MARKETING_VERSION = 1.0;
				PRODUCT_BUNDLE_IDENTIFIER = "lab1-443.StopwatchUITests";
				PRODUCT_NAME = "$(TARGET_NAME)";
				SWIFT_EMIT_LOC_STRINGS = NO;
				SWIFT_VERSION = 5.0;
				TARGETED_DEVICE_FAMILY = "1,2";
				TEST_TARGET_NAME = Stopwatch;
			};
			name = Release;
		};
/* End XCBuildConfiguration section */

/* Begin XCConfigurationList section */
		A788C74C2C87A49000C867DD /* Build configuration list for PBXProject "Stopwatch" */ = {
			isa = XCConfigurationList;
			buildConfigurations = (
				A788C7792C87A49B00C867DD /* Debug */,
				A788C77A2C87A49B00C867DD /* Release */,
			);
			defaultConfigurationIsVisible = 0;
			defaultConfigurationName = Release;
		};
		A788C77B2C87A49B00C867DD /* Build configuration list for PBXNativeTarget "Stopwatch" */ = {
			isa = XCConfigurationList;
			buildConfigurations = (
				A788C77C2C87A49B00C867DD /* Debug */,
				A788C77D2C87A49B00C867DD /* Release */,
			);
			defaultConfigurationIsVisible = 0;
			defaultConfigurationName = Release;
		};
		A788C77E2C87A49B00C867DD /* Build configuration list for PBXNativeTarget "StopwatchTests" */ = {
			isa = XCConfigurationList;
			buildConfigurations = (
				A788C77F2C87A49B00C867DD /* Debug */,
				A788C7802C87A49B00C867DD /* Release */,
			);
			defaultConfigurationIsVisible = 0;
			defaultConfigurationName = Release;
		};
		A788C7812C87A49B00C867DD /* Build configuration list for PBXNativeTarget "StopwatchUITests" */ = {
			isa = XCConfigurationList;
			buildConfigurations = (
				A788C7822C87A49B00C867DD /* Debug */,
				A788C7832C87A49B00C867DD /* Release */,
			);
			defaultConfigurationIsVisible = 0;
			defaultConfigurationName = Release;
		};
/* End XCConfigurationList section */
	};
	rootObject = A788C7492C87A49000C867DD /* Project object */;
}
